
Microsoft Visual Studio Solution File, Format Version 12.00
# Visual Studio 14
VisualStudioVersion = 14.0.25420.1
MinimumVisualStudioVersion = 10.0.40219.1
Project("{FAE04EC0-301F-11D3-BF4B-00C04F79EFBC}") = "CW-EmailGenerator", "CW-EmailGenerator\CW-EmailGenerator.csproj", "{43897F09-E22C-487D-B599-6139DED4DC69}"
EndProject
Project("{FAE04EC0-301F-11D3-BF4B-00C04F79EFBC}") = "EmailGenerator.DataAccess", "EmailGenerator.DataAccess\EmailGenerator.DataAccess.csproj", "{072647E6-822E-415D-A3DF-B5F668D66934}"
EndProject
Project("{FAE04EC0-301F-11D3-BF4B-00C04F79EFBC}") = "EmailGenerator", "EmailGenerator\EmailGenerator.csproj", "{27C50A11-7A0D-42A8-B069-36DE54D14A1D}"
EndProject
Global
	GlobalSection(SolutionConfigurationPlatforms) = preSolution
		Debug|Any CPU = Debug|Any CPU
		Release|Any CPU = Release|Any CPU
	EndGlobalSection
	GlobalSection(ProjectConfigurationPlatforms) = postSolution
		{43897F09-E22C-487D-B599-6139DED4DC69}.Debug|Any CPU.ActiveCfg = Debug|Any CPU
		{43897F09-E22C-487D-B599-6139DED4DC69}.Debug|Any CPU.Build.0 = Debug|Any CPU
		{43897F09-E22C-487D-B599-6139DED4DC69}.Release|Any CPU.ActiveCfg = Release|Any CPU
		{43897F09-E22C-487D-B599-6139DED4DC69}.Release|Any CPU.Build.0 = Release|Any CPU
		{072647E6-822E-415D-A3DF-B5F668D66934}.Debug|Any CPU.ActiveCfg = Debug|Any CPU
		{072647E6-822E-415D-A3DF-B5F668D66934}.Debug|Any CPU.Build.0 = Debug|Any CPU
		{072647E6-822E-415D-A3DF-B5F668D66934}.Release|Any CPU.ActiveCfg = Release|Any CPU
		{072647E6-822E-415D-A3DF-B5F668D66934}.Release|Any CPU.Build.0 = Release|Any CPU
		{27C50A11-7A0D-42A8-B069-36DE54D14A1D}.Debug|Any CPU.ActiveCfg = Debug|Any CPU
		{27C50A11-7A0D-42A8-B069-36DE54D14A1D}.Debug|Any CPU.Build.0 = Debug|Any CPU
		{27C50A11-7A0D-42A8-B069-36DE54D14A1D}.Release|Any CPU.ActiveCfg = Release|Any CPU
		{27C50A11-7A0D-42A8-B069-36DE54D14A1D}.Release|Any CPU.Build.0 = Release|Any CPU
	EndGlobalSection
	GlobalSection(SolutionProperties) = preSolution
		HideSolutionNode = FALSE
	EndGlobalSection
EndGlobal
